
Microsoft Visual Studio Solution File, Format Version 12.00
# Visual Studio 15
VisualStudioVersion = 15.0.28307.645
MinimumVisualStudioVersion = 10.0.40219.1
Project("{FAE04EC0-301F-11D3-BF4B-00C04F79EFBC}") = "AnimalSounds", "AnimalSounds\AnimalSounds.csproj", "{187AC146-470F-46DC-B993-A570ACF06202}"
EndProject
Global
	GlobalSection(SolutionConfigurationPlatforms) = preSolution
		Debug|Any CPU = Debug|Any CPU
		Release|Any CPU = Release|Any CPU
	EndGlobalSection
	GlobalSection(ProjectConfigurationPlatforms) = postSolution
		{187AC146-470F-46DC-B993-A570ACF06202}.Debug|Any CPU.ActiveCfg = Debug|Any CPU
		{187AC146-470F-46DC-B993-A570ACF06202}.Debug|Any CPU.Build.0 = Debug|Any CPU
		{187AC146-470F-46DC-B993-A570ACF06202}.Release|Any CPU.ActiveCfg = Release|Any CPU
		{187AC146-470F-46DC-B993-A570ACF06202}.Release|Any CPU.Build.0 = Release|Any CPU
	EndGlobalSection
	GlobalSection(SolutionProperties) = preSolution
		HideSolutionNode = FALSE
	EndGlobalSection
	GlobalSection(ExtensibilityGlobals) = postSolution
		SolutionGuid = {B3C12AA1-C59E-43D0-968C-A7918B3A7F9F}
	EndGlobalSection
EndGlobal
